
Microsoft Visual Studio Solution File, Format Version 12.00
# Visual Studio Version 17
VisualStudioVersion = 17.13.35825.156
MinimumVisualStudioVersion = 10.0.40219.1
Project("{FAE04EC0-301F-11D3-BF4B-00C04F79EFBC}") = "Lab manual 003", "Lab manual 003.csproj", "{381BB44E-1A69-4876-B388-687F75BC0975}"
EndProject
Project("{FAE04EC0-301F-11D3-BF4B-00C04F79EFBC}") = "Question 1", "Question 1\Question 1.csproj", "{DA28DFA0-D1AE-477E-B9E3-7617FF0B6840}"
EndProject
Project("{FAE04EC0-301F-11D3-BF4B-00C04F79EFBC}") = "Question2", "Question2\Question2.csproj", "{AC68B68F-A5BA-48DB-9A3A-EBD17726FD2B}"
EndProject
Project("{FAE04EC0-301F-11D3-BF4B-00C04F79EFBC}") = "Question3", "Question3\Question3.csproj", "{0DF51A2D-E5EE-4253-B301-397DD8DE9590}"
EndProject
Global
	GlobalSection(SolutionConfigurationPlatforms) = preSolution
		Debug|Any CPU = Debug|Any CPU
		Release|Any CPU = Release|Any CPU
	EndGlobalSection
	GlobalSection(ProjectConfigurationPlatforms) = postSolution
		{381BB44E-1A69-4876-B388-687F75BC0975}.Debug|Any CPU.ActiveCfg = Debug|Any CPU
		{381BB44E-1A69-4876-B388-687F75BC0975}.Debug|Any CPU.Build.0 = Debug|Any CPU
		{381BB44E-1A69-4876-B388-687F75BC0975}.Release|Any CPU.ActiveCfg = Release|Any CPU
		{381BB44E-1A69-4876-B388-687F75BC0975}.Release|Any CPU.Build.0 = Release|Any CPU
		{DA28DFA0-D1AE-477E-B9E3-7617FF0B6840}.Debug|Any CPU.ActiveCfg = Debug|Any CPU
		{DA28DFA0-D1AE-477E-B9E3-7617FF0B6840}.Debug|Any CPU.Build.0 = Debug|Any CPU
		{DA28DFA0-D1AE-477E-B9E3-7617FF0B6840}.Release|Any CPU.ActiveCfg = Release|Any CPU
		{DA28DFA0-D1AE-477E-B9E3-7617FF0B6840}.Release|Any CPU.Build.0 = Release|Any CPU
		{AC68B68F-A5BA-48DB-9A3A-EBD17726FD2B}.Debug|Any CPU.ActiveCfg = Debug|Any CPU
		{AC68B68F-A5BA-48DB-9A3A-EBD17726FD2B}.Debug|Any CPU.Build.0 = Debug|Any CPU
		{AC68B68F-A5BA-48DB-9A3A-EBD17726FD2B}.Release|Any CPU.ActiveCfg = Release|Any CPU
		{AC68B68F-A5BA-48DB-9A3A-EBD17726FD2B}.Release|Any CPU.Build.0 = Release|Any CPU
		{0DF51A2D-E5EE-4253-B301-397DD8DE9590}.Debug|Any CPU.ActiveCfg = Debug|Any CPU
		{0DF51A2D-E5EE-4253-B301-397DD8DE9590}.Debug|Any CPU.Build.0 = Debug|Any CPU
		{0DF51A2D-E5EE-4253-B301-397DD8DE9590}.Release|Any CPU.ActiveCfg = Release|Any CPU
		{0DF51A2D-E5EE-4253-B301-397DD8DE9590}.Release|Any CPU.Build.0 = Release|Any CPU
	EndGlobalSection
	GlobalSection(SolutionProperties) = preSolution
		HideSolutionNode = FALSE
	EndGlobalSection
	GlobalSection(ExtensibilityGlobals) = postSolution
		SolutionGuid = {D510A677-957A-47C0-B13F-784DEC7123AF}
	EndGlobalSection
EndGlobal
